
Microsoft Visual Studio Solution File, Format Version 12.00
# Visual Studio Version 17
VisualStudioVersion = 17.9.34622.214
MinimumVisualStudioVersion = 10.0.40219.1
Project("{FAE04EC0-301F-11D3-BF4B-00C04F79EFBC}") = "Lab07", "Lab07\Lab07.csproj", "{4B103380-ED32-4930-9715-F3AD400D8595}"
EndProject
Project("{FAE04EC0-301F-11D3-BF4B-00C04F79EFBC}") = "Data", "Data\Data.csproj", "{A69CCDE2-C44A-4F64-AD7D-4580856FA534}"
EndProject
Project("{FAE04EC0-301F-11D3-BF4B-00C04F79EFBC}") = "Business", "Business\Business.csproj", "{A30182F6-566D-4324-91EC-90047A5505ED}"
EndProject
Project("{FAE04EC0-301F-11D3-BF4B-00C04F79EFBC}") = "Entity", "Entity\Entity.csproj", "{3B4005CC-F1A0-4C06-8862-8B8C6E25AAEF}"
EndProject
Global
	GlobalSection(SolutionConfigurationPlatforms) = preSolution
		Debug|Any CPU = Debug|Any CPU
		Release|Any CPU = Release|Any CPU
	EndGlobalSection
	GlobalSection(ProjectConfigurationPlatforms) = postSolution
		{4B103380-ED32-4930-9715-F3AD400D8595}.Debug|Any CPU.ActiveCfg = Debug|Any CPU
		{4B103380-ED32-4930-9715-F3AD400D8595}.Debug|Any CPU.Build.0 = Debug|Any CPU
		{4B103380-ED32-4930-9715-F3AD400D8595}.Release|Any CPU.ActiveCfg = Release|Any CPU
		{4B103380-ED32-4930-9715-F3AD400D8595}.Release|Any CPU.Build.0 = Release|Any CPU
		{A69CCDE2-C44A-4F64-AD7D-4580856FA534}.Debug|Any CPU.ActiveCfg = Debug|Any CPU
		{A69CCDE2-C44A-4F64-AD7D-4580856FA534}.Debug|Any CPU.Build.0 = Debug|Any CPU
		{A69CCDE2-C44A-4F64-AD7D-4580856FA534}.Release|Any CPU.ActiveCfg = Release|Any CPU
		{A69CCDE2-C44A-4F64-AD7D-4580856FA534}.Release|Any CPU.Build.0 = Release|Any CPU
		{A30182F6-566D-4324-91EC-90047A5505ED}.Debug|Any CPU.ActiveCfg = Debug|Any CPU
		{A30182F6-566D-4324-91EC-90047A5505ED}.Debug|Any CPU.Build.0 = Debug|Any CPU
		{A30182F6-566D-4324-91EC-90047A5505ED}.Release|Any CPU.ActiveCfg = Release|Any CPU
		{A30182F6-566D-4324-91EC-90047A5505ED}.Release|Any CPU.Build.0 = Release|Any CPU
		{3B4005CC-F1A0-4C06-8862-8B8C6E25AAEF}.Debug|Any CPU.ActiveCfg = Debug|Any CPU
		{3B4005CC-F1A0-4C06-8862-8B8C6E25AAEF}.Debug|Any CPU.Build.0 = Debug|Any CPU
		{3B4005CC-F1A0-4C06-8862-8B8C6E25AAEF}.Release|Any CPU.ActiveCfg = Release|Any CPU
		{3B4005CC-F1A0-4C06-8862-8B8C6E25AAEF}.Release|Any CPU.Build.0 = Release|Any CPU
	EndGlobalSection
	GlobalSection(SolutionProperties) = preSolution
		HideSolutionNode = FALSE
	EndGlobalSection
	GlobalSection(ExtensibilityGlobals) = postSolution
		SolutionGuid = {A27DB491-ADD4-4FB9-9336-B46B068374C5}
	EndGlobalSection
EndGlobal
